// !$*UTF8*$!
{
	archiveVersion = 1;
	classes = {
	};
	objectVersion = 56;
	objects = {

/* Begin PBXBuildFile section */
		06A06E6529F52D7D008DF13F /* HealthKitView.swift in Sources */ = {isa = PBXBuildFile; fileRef = 06A06E6429F52D7D008DF13F /* HealthKitView.swift */; };
		2340535029F24D29003A0063 /* Appointment.swift in Sources */ = {isa = PBXBuildFile; fileRef = 2340534F29F24D29003A0063 /* Appointment.swift */; };
		2340535229F24E43003A0063 /* Doctor.swift in Sources */ = {isa = PBXBuildFile; fileRef = 2340535129F24E43003A0063 /* Doctor.swift */; };
		2340535429F24E79003A0063 /* AppointmentType.swift in Sources */ = {isa = PBXBuildFile; fileRef = 2340535329F24E79003A0063 /* AppointmentType.swift */; };
		2340535629F24F09003A0063 /* Department.swift in Sources */ = {isa = PBXBuildFile; fileRef = 2340535529F24F09003A0063 /* Department.swift */; };
		23457E7029F257A500715DD9 /* Bill.swift in Sources */ = {isa = PBXBuildFile; fileRef = 23457E6F29F257A500715DD9 /* Bill.swift */; };
		23BC07BA29F13A61009FA528 /* User.swift in Sources */ = {isa = PBXBuildFile; fileRef = 23BC07B929F13A61009FA528 /* User.swift */; };
		23BC07BF29F14059009FA528 /* Patient.swift in Sources */ = {isa = PBXBuildFile; fileRef = 23BC07BE29F14059009FA528 /* Patient.swift */; };
		2DECE12729EDDA610021BE41 /* AUIex.swift in Sources */ = {isa = PBXBuildFile; fileRef = 2DECE12629EDDA610021BE41 /* AUIex.swift */; };
		2DECE12929EDDA830021BE41 /* AHome.swift in Sources */ = {isa = PBXBuildFile; fileRef = 2DECE12829EDDA830021BE41 /* AHome.swift */; };
		2DECE12B29EDDAA10021BE41 /* PUIex.swift in Sources */ = {isa = PBXBuildFile; fileRef = 2DECE12A29EDDAA10021BE41 /* PUIex.swift */; };
		3874751329ED603800CCA151 /* Zen_uApp.swift in Sources */ = {isa = PBXBuildFile; fileRef = 3874751229ED603800CCA151 /* Zen_uApp.swift */; };
		3874751529ED603800CCA151 /* ContentView.swift in Sources */ = {isa = PBXBuildFile; fileRef = 3874751429ED603800CCA151 /* ContentView.swift */; };
		3874751729ED603900CCA151 /* Assets.xcassets in Resources */ = {isa = PBXBuildFile; fileRef = 3874751629ED603900CCA151 /* Assets.xcassets */; };
		3874751A29ED603900CCA151 /* Preview Assets.xcassets in Resources */ = {isa = PBXBuildFile; fileRef = 3874751929ED603900CCA151 /* Preview Assets.xcassets */; };
		3874753229ED628200CCA151 /* PHome.swift in Sources */ = {isa = PBXBuildFile; fileRef = 3874753129ED628200CCA151 /* PHome.swift */; };
		3874753429ED638500CCA151 /* PBookingAppointments.swift in Sources */ = {isa = PBXBuildFile; fileRef = 3874753329ED638500CCA151 /* PBookingAppointments.swift */; };
		3874753829ED63AA00CCA151 /* PScheduleSettings.swift in Sources */ = {isa = PBXBuildFile; fileRef = 3874753729ED63AA00CCA151 /* PScheduleSettings.swift */; };
		3874753B29ED662E00CCA151 /* PBookingSummary.swift in Sources */ = {isa = PBXBuildFile; fileRef = 3874753A29ED662E00CCA151 /* PBookingSummary.swift */; };
		3874753F29ED669100CCA151 /* example.swift in Sources */ = {isa = PBXBuildFile; fileRef = 3874753E29ED669100CCA151 /* example.swift */; };
		3874754129ED66D400CCA151 /* DSchedule.swift in Sources */ = {isa = PBXBuildFile; fileRef = 3874754029ED66D400CCA151 /* DSchedule.swift */; };
		3874754329ED66DD00CCA151 /* DHome.swift in Sources */ = {isa = PBXBuildFile; fileRef = 3874754229ED66DD00CCA151 /* DHome.swift */; };
		3874754529ED66FD00CCA151 /* DAppointmentDetails.swift in Sources */ = {isa = PBXBuildFile; fileRef = 3874754429ED66FD00CCA151 /* DAppointmentDetails.swift */; };
		3874754729ED673500CCA151 /* DPrescriptionsView.swift in Sources */ = {isa = PBXBuildFile; fileRef = 3874754629ED673500CCA151 /* DPrescriptionsView.swift */; };
		38ED412829ED6870005E182A /* exx.swift in Sources */ = {isa = PBXBuildFile; fileRef = 38ED412729ED6870005E182A /* exx.swift */; };
		A7E9AD5329EE743100C2650E /* OnBoardingScreen.swift in Sources */ = {isa = PBXBuildFile; fileRef = A7E9AD5229EE743100C2650E /* OnBoardingScreen.swift */; };
		BE8567DA29F12EEC00B7206B /* SplashScreen.swift in Sources */ = {isa = PBXBuildFile; fileRef = BE8567D929F12EEC00B7206B /* SplashScreen.swift */; };
		BEF1315729F13A7E008A9432 /* SignupPage.swift in Sources */ = {isa = PBXBuildFile; fileRef = BEF1315629F13A7E008A9432 /* SignupPage.swift */; };
/* End PBXBuildFile section */

/* Begin PBXFileReference section */
		06A06E6429F52D7D008DF13F /* HealthKitView.swift */ = {isa = PBXFileReference; lastKnownFileType = sourcecode.swift; path = HealthKitView.swift; sourceTree = "<group>"; };
		2340534F29F24D29003A0063 /* Appointment.swift */ = {isa = PBXFileReference; lastKnownFileType = sourcecode.swift; path = Appointment.swift; sourceTree = "<group>"; };
		2340535129F24E43003A0063 /* Doctor.swift */ = {isa = PBXFileReference; lastKnownFileType = sourcecode.swift; path = Doctor.swift; sourceTree = "<group>"; };
		2340535329F24E79003A0063 /* AppointmentType.swift */ = {isa = PBXFileReference; lastKnownFileType = sourcecode.swift; path = AppointmentType.swift; sourceTree = "<group>"; };
		2340535529F24F09003A0063 /* Department.swift */ = {isa = PBXFileReference; lastKnownFileType = sourcecode.swift; path = Department.swift; sourceTree = "<group>"; };
		23457E6F29F257A500715DD9 /* Bill.swift */ = {isa = PBXFileReference; lastKnownFileType = sourcecode.swift; path = Bill.swift; sourceTree = "<group>"; };
		23BC07B929F13A61009FA528 /* User.swift */ = {isa = PBXFileReference; lastKnownFileType = sourcecode.swift; path = User.swift; sourceTree = "<group>"; };
		23BC07BE29F14059009FA528 /* Patient.swift */ = {isa = PBXFileReference; lastKnownFileType = sourcecode.swift; path = Patient.swift; sourceTree = "<group>"; };
		2DECE12629EDDA610021BE41 /* AUIex.swift */ = {isa = PBXFileReference; lastKnownFileType = sourcecode.swift; path = AUIex.swift; sourceTree = "<group>"; };
		2DECE12829EDDA830021BE41 /* AHome.swift */ = {isa = PBXFileReference; lastKnownFileType = sourcecode.swift; path = AHome.swift; sourceTree = "<group>"; };
		2DECE12A29EDDAA10021BE41 /* PUIex.swift */ = {isa = PBXFileReference; lastKnownFileType = sourcecode.swift; path = PUIex.swift; sourceTree = "<group>"; };
		3874750F29ED603800CCA151 /* Zen-u.app */ = {isa = PBXFileReference; explicitFileType = wrapper.application; includeInIndex = 0; path = "Zen-u.app"; sourceTree = BUILT_PRODUCTS_DIR; };
		3874751229ED603800CCA151 /* Zen_uApp.swift */ = {isa = PBXFileReference; lastKnownFileType = sourcecode.swift; path = Zen_uApp.swift; sourceTree = "<group>"; };
		3874751429ED603800CCA151 /* ContentView.swift */ = {isa = PBXFileReference; lastKnownFileType = sourcecode.swift; path = ContentView.swift; sourceTree = "<group>"; };
		3874751629ED603900CCA151 /* Assets.xcassets */ = {isa = PBXFileReference; lastKnownFileType = folder.assetcatalog; path = Assets.xcassets; sourceTree = "<group>"; };
		3874751929ED603900CCA151 /* Preview Assets.xcassets */ = {isa = PBXFileReference; lastKnownFileType = folder.assetcatalog; path = "Preview Assets.xcassets"; sourceTree = "<group>"; };
		3874753129ED628200CCA151 /* PHome.swift */ = {isa = PBXFileReference; lastKnownFileType = sourcecode.swift; path = PHome.swift; sourceTree = "<group>"; };
		3874753329ED638500CCA151 /* PBookingAppointments.swift */ = {isa = PBXFileReference; lastKnownFileType = sourcecode.swift; path = PBookingAppointments.swift; sourceTree = "<group>"; };
		3874753529ED639700CCA151 /* PSpecialists.swift */ = {isa = PBXFileReference; lastKnownFileType = sourcecode.swift; path = PSpecialists.swift; sourceTree = "<group>"; };
		3874753729ED63AA00CCA151 /* PScheduleSettings.swift */ = {isa = PBXFileReference; lastKnownFileType = sourcecode.swift; path = PScheduleSettings.swift; sourceTree = "<group>"; };
		3874753A29ED662E00CCA151 /* PBookingSummary.swift */ = {isa = PBXFileReference; lastKnownFileType = sourcecode.swift; path = PBookingSummary.swift; sourceTree = "<group>"; };
		3874753E29ED669100CCA151 /* example.swift */ = {isa = PBXFileReference; lastKnownFileType = sourcecode.swift; path = example.swift; sourceTree = "<group>"; };
		3874754029ED66D400CCA151 /* DSchedule.swift */ = {isa = PBXFileReference; lastKnownFileType = sourcecode.swift; path = DSchedule.swift; sourceTree = "<group>"; };
		3874754229ED66DD00CCA151 /* DHome.swift */ = {isa = PBXFileReference; lastKnownFileType = sourcecode.swift; path = DHome.swift; sourceTree = "<group>"; };
		3874754429ED66FD00CCA151 /* DAppointmentDetails.swift */ = {isa = PBXFileReference; lastKnownFileType = sourcecode.swift; path = DAppointmentDetails.swift; sourceTree = "<group>"; };
		3874754629ED673500CCA151 /* DPrescriptionsView.swift */ = {isa = PBXFileReference; lastKnownFileType = sourcecode.swift; path = DPrescriptionsView.swift; sourceTree = "<group>"; };
		38ED412729ED6870005E182A /* exx.swift */ = {isa = PBXFileReference; lastKnownFileType = sourcecode.swift; path = exx.swift; sourceTree = "<group>"; };
		A7E9AD5229EE743100C2650E /* OnBoardingScreen.swift */ = {isa = PBXFileReference; lastKnownFileType = sourcecode.swift; path = OnBoardingScreen.swift; sourceTree = "<group>"; };
		BE8567D929F12EEC00B7206B /* SplashScreen.swift */ = {isa = PBXFileReference; lastKnownFileType = sourcecode.swift; path = SplashScreen.swift; sourceTree = "<group>"; };
		BEF1315629F13A7E008A9432 /* SignupPage.swift */ = {isa = PBXFileReference; lastKnownFileType = sourcecode.swift; path = SignupPage.swift; sourceTree = "<group>"; };
/* End PBXFileReference section */

/* Begin PBXFrameworksBuildPhase section */
		3874750C29ED603800CCA151 /* Frameworks */ = {
			isa = PBXFrameworksBuildPhase;
			buildActionMask = 2147483647;
			files = (
			);
			runOnlyForDeploymentPostprocessing = 0;
		};
/* End PBXFrameworksBuildPhase section */

/* Begin PBXGroup section */
		2340534E29F24D10003A0063 /* Appointment */ = {
			isa = PBXGroup;
			children = (
				2340534F29F24D29003A0063 /* Appointment.swift */,
				2340535329F24E79003A0063 /* AppointmentType.swift */,
			);
			path = Appointment;
			sourceTree = "<group>";
		};
		23BC07B829F13A47009FA528 /* Profile */ = {
			isa = PBXGroup;
			children = (
				23BC07B929F13A61009FA528 /* User.swift */,
				23BC07BE29F14059009FA528 /* Patient.swift */,
				2340535129F24E43003A0063 /* Doctor.swift */,
				2340535529F24F09003A0063 /* Department.swift */,
			);
			path = Profile;
			sourceTree = "<group>";
		};
		3874750629ED603800CCA151 = {
			isa = PBXGroup;
			children = (
				3874751129ED603800CCA151 /* Zen-u */,
				3874751029ED603800CCA151 /* Products */,
			);
			sourceTree = "<group>";
		};
		3874751029ED603800CCA151 /* Products */ = {
			isa = PBXGroup;
			children = (
				3874750F29ED603800CCA151 /* Zen-u.app */,
			);
			name = Products;
			sourceTree = "<group>";
		};
		3874751129ED603800CCA151 /* Zen-u */ = {
			isa = PBXGroup;
			children = (
				3874753029ED61DF00CCA151 /* ViewModels */,
				3874752829ED60F800CCA151 /* Models */,
				3874752029ED604600CCA151 /* Views */,
				3874751229ED603800CCA151 /* Zen_uApp.swift */,
				3874751429ED603800CCA151 /* ContentView.swift */,
				3874751629ED603900CCA151 /* Assets.xcassets */,
				3874751829ED603900CCA151 /* Preview Content */,
			);
			path = "Zen-u";
			sourceTree = "<group>";
		};
		3874751829ED603900CCA151 /* Preview Content */ = {
			isa = PBXGroup;
			children = (
				3874751929ED603900CCA151 /* Preview Assets.xcassets */,
			);
			path = "Preview Content";
			sourceTree = "<group>";
		};
		3874752029ED604600CCA151 /* Views */ = {
			isa = PBXGroup;
			children = (
				3874752329ED606600CCA151 /* Admin */,
				3874752229ED605E00CCA151 /* Doctor */,
				3874752129ED605100CCA151 /* Patient */,
				A7E9AD5229EE743100C2650E /* OnBoardingScreen.swift */,
				BE8567D929F12EEC00B7206B /* SplashScreen.swift */,
				BEF1315629F13A7E008A9432 /* SignupPage.swift */,
			);
			path = Views;
			sourceTree = "<group>";
		};
		3874752129ED605100CCA151 /* Patient */ = {
			isa = PBXGroup;
			children = (
				3874752C29ED614F00CCA151 /* Screens */,
				3874752B29ED614800CCA151 /* UIComponents */,
			);
			path = Patient;
			sourceTree = "<group>";
		};
		3874752229ED605E00CCA151 /* Doctor */ = {
			isa = PBXGroup;
			children = (
				3874752A29ED613B00CCA151 /* Screens */,
				3874752929ED612800CCA151 /* UIComponents */,
			);
			path = Doctor;
			sourceTree = "<group>";
		};
		3874752329ED606600CCA151 /* Admin */ = {
			isa = PBXGroup;
			children = (
				3874752729ED60A400CCA151 /* UIComponents */,
				3874752629ED609C00CCA151 /* Screens */,
			);
			path = Admin;
			sourceTree = "<group>";
		};
		3874752629ED609C00CCA151 /* Screens */ = {
			isa = PBXGroup;
			children = (
				2DECE12829EDDA830021BE41 /* AHome.swift */,
			);
			path = Screens;
			sourceTree = "<group>";
		};
		3874752729ED60A400CCA151 /* UIComponents */ = {
			isa = PBXGroup;
			children = (
				2DECE12629EDDA610021BE41 /* AUIex.swift */,
			);
			path = UIComponents;
			sourceTree = "<group>";
		};
		3874752829ED60F800CCA151 /* Models */ = {
			isa = PBXGroup;
			children = (
				2340534E29F24D10003A0063 /* Appointment */,
				23BC07B829F13A47009FA528 /* Profile */,
				23457E6F29F257A500715DD9 /* Bill.swift */,
			);
			path = Models;
			sourceTree = "<group>";
		};
		3874752929ED612800CCA151 /* UIComponents */ = {
			isa = PBXGroup;
			children = (
				3874753E29ED669100CCA151 /* example.swift */,
			);
			path = UIComponents;
			sourceTree = "<group>";
		};
		3874752A29ED613B00CCA151 /* Screens */ = {
			isa = PBXGroup;
			children = (
				3874754029ED66D400CCA151 /* DSchedule.swift */,
				3874754229ED66DD00CCA151 /* DHome.swift */,
				3874754429ED66FD00CCA151 /* DAppointmentDetails.swift */,
				3874754629ED673500CCA151 /* DPrescriptionsView.swift */,
			);
			path = Screens;
			sourceTree = "<group>";
		};
		3874752B29ED614800CCA151 /* UIComponents */ = {
			isa = PBXGroup;
			children = (
				2DECE12A29EDDAA10021BE41 /* PUIex.swift */,
				06A06E6429F52D7D008DF13F /* HealthKitView.swift */,
			);
			path = UIComponents;
			sourceTree = "<group>";
		};
		3874752C29ED614F00CCA151 /* Screens */ = {
			isa = PBXGroup;
			children = (
				3874753129ED628200CCA151 /* PHome.swift */,
				3874753329ED638500CCA151 /* PBookingAppointments.swift */,
				3874753529ED639700CCA151 /* PSpecialists.swift */,
				3874753729ED63AA00CCA151 /* PScheduleSettings.swift */,
				3874753A29ED662E00CCA151 /* PBookingSummary.swift */,
			);
			path = Screens;
			sourceTree = "<group>";
		};
		3874753029ED61DF00CCA151 /* ViewModels */ = {
			isa = PBXGroup;
			children = (
				38ED412729ED6870005E182A /* exx.swift */,
			);
			path = ViewModels;
			sourceTree = "<group>";
		};
/* End PBXGroup section */

/* Begin PBXNativeTarget section */
		3874750E29ED603800CCA151 /* Zen-u */ = {
			isa = PBXNativeTarget;
			buildConfigurationList = 3874751D29ED603900CCA151 /* Build configuration list for PBXNativeTarget "Zen-u" */;
			buildPhases = (
				3874750B29ED603800CCA151 /* Sources */,
				3874750C29ED603800CCA151 /* Frameworks */,
				3874750D29ED603800CCA151 /* Resources */,
			);
			buildRules = (
			);
			dependencies = (
			);
			name = "Zen-u";
			productName = "Zen-u";
			productReference = 3874750F29ED603800CCA151 /* Zen-u.app */;
			productType = "com.apple.product-type.application";
		};
/* End PBXNativeTarget section */

/* Begin PBXProject section */
		3874750729ED603800CCA151 /* Project object */ = {
			isa = PBXProject;
			attributes = {
				BuildIndependentTargetsInParallel = 1;
				LastSwiftUpdateCheck = 1430;
				LastUpgradeCheck = 1430;
				TargetAttributes = {
					3874750E29ED603800CCA151 = {
						CreatedOnToolsVersion = 14.3;
					};
				};
			};
			buildConfigurationList = 3874750A29ED603800CCA151 /* Build configuration list for PBXProject "Zen-u" */;
			compatibilityVersion = "Xcode 14.0";
			developmentRegion = en;
			hasScannedForEncodings = 0;
			knownRegions = (
				en,
				Base,
			);
			mainGroup = 3874750629ED603800CCA151;
			productRefGroup = 3874751029ED603800CCA151 /* Products */;
			projectDirPath = "";
			projectRoot = "";
			targets = (
				3874750E29ED603800CCA151 /* Zen-u */,
			);
		};
/* End PBXProject section */

/* Begin PBXResourcesBuildPhase section */
		3874750D29ED603800CCA151 /* Resources */ = {
			isa = PBXResourcesBuildPhase;
			buildActionMask = 2147483647;
			files = (
				3874751A29ED603900CCA151 /* Preview Assets.xcassets in Resources */,
				3874751729ED603900CCA151 /* Assets.xcassets in Resources */,
			);
			runOnlyForDeploymentPostprocessing = 0;
		};
/* End PBXResourcesBuildPhase section */

/* Begin PBXSourcesBuildPhase section */
		3874750B29ED603800CCA151 /* Sources */ = {
			isa = PBXSourcesBuildPhase;
			buildActionMask = 2147483647;
			files = (
				2340535229F24E43003A0063 /* Doctor.swift in Sources */,
				BE8567DA29F12EEC00B7206B /* SplashScreen.swift in Sources */,
				3874754329ED66DD00CCA151 /* DHome.swift in Sources */,
				3874753229ED628200CCA151 /* PHome.swift in Sources */,
				2DECE12B29EDDAA10021BE41 /* PUIex.swift in Sources */,
				A7E9AD5329EE743100C2650E /* OnBoardingScreen.swift in Sources */,
				2DECE12729EDDA610021BE41 /* AUIex.swift in Sources */,
				3874753B29ED662E00CCA151 /* PBookingSummary.swift in Sources */,
				38ED412829ED6870005E182A /* exx.swift in Sources */,
				3874753829ED63AA00CCA151 /* PScheduleSettings.swift in Sources */,
				3874754129ED66D400CCA151 /* DSchedule.swift in Sources */,
				23457E7029F257A500715DD9 /* Bill.swift in Sources */,
				3874753F29ED669100CCA151 /* example.swift in Sources */,
				3874751529ED603800CCA151 /* ContentView.swift in Sources */,
				2340535029F24D29003A0063 /* Appointment.swift in Sources */,
				06A06E6529F52D7D008DF13F /* HealthKitView.swift in Sources */,
				2DECE12929EDDA830021BE41 /* AHome.swift in Sources */,
				3874751329ED603800CCA151 /* Zen_uApp.swift in Sources */,
				3874754529ED66FD00CCA151 /* DAppointmentDetails.swift in Sources */,
				23BC07BF29F14059009FA528 /* Patient.swift in Sources */,
				23BC07BA29F13A61009FA528 /* User.swift in Sources */,
				BEF1315729F13A7E008A9432 /* SignupPage.swift in Sources */,
				3874753429ED638500CCA151 /* PBookingAppointments.swift in Sources */,
				2340535429F24E79003A0063 /* AppointmentType.swift in Sources */,
				3874754729ED673500CCA151 /* DPrescriptionsView.swift in Sources */,
				2340535629F24F09003A0063 /* Department.swift in Sources */,
			);
			runOnlyForDeploymentPostprocessing = 0;
		};
/* End PBXSourcesBuildPhase section */

/* Begin XCBuildConfiguration section */
		3874751B29ED603900CCA151 /* Debug */ = {
			isa = XCBuildConfiguration;
			buildSettings = {
				ALWAYS_SEARCH_USER_PATHS = NO;
				CLANG_ANALYZER_NONNULL = YES;
				CLANG_ANALYZER_NUMBER_OBJECT_CONVERSION = YES_AGGRESSIVE;
				CLANG_CXX_LANGUAGE_STANDARD = "gnu++20";
				CLANG_ENABLE_MODULES = YES;
				CLANG_ENABLE_OBJC_ARC = YES;
				CLANG_ENABLE_OBJC_WEAK = YES;
				CLANG_WARN_BLOCK_CAPTURE_AUTORELEASING = YES;
				CLANG_WARN_BOOL_CONVERSION = YES;
				CLANG_WARN_COMMA = YES;
				CLANG_WARN_CONSTANT_CONVERSION = YES;
				CLANG_WARN_DEPRECATED_OBJC_IMPLEMENTATIONS = YES;
				CLANG_WARN_DIRECT_OBJC_ISA_USAGE = YES_ERROR;
				CLANG_WARN_DOCUMENTATION_COMMENTS = YES;
				CLANG_WARN_EMPTY_BODY = YES;
				CLANG_WARN_ENUM_CONVERSION = YES;
				CLANG_WARN_INFINITE_RECURSION = YES;
				CLANG_WARN_INT_CONVERSION = YES;
				CLANG_WARN_NON_LITERAL_NULL_CONVERSION = YES;
				CLANG_WARN_OBJC_IMPLICIT_RETAIN_SELF = YES;
				CLANG_WARN_OBJC_LITERAL_CONVERSION = YES;
				CLANG_WARN_OBJC_ROOT_CLASS = YES_ERROR;
				CLANG_WARN_QUOTED_INCLUDE_IN_FRAMEWORK_HEADER = YES;
				CLANG_WARN_RANGE_LOOP_ANALYSIS = YES;
				CLANG_WARN_STRICT_PROTOTYPES = YES;
				CLANG_WARN_SUSPICIOUS_MOVE = YES;
				CLANG_WARN_UNGUARDED_AVAILABILITY = YES_AGGRESSIVE;
				CLANG_WARN_UNREACHABLE_CODE = YES;
				CLANG_WARN__DUPLICATE_METHOD_MATCH = YES;
				COPY_PHASE_STRIP = NO;
				DEBUG_INFORMATION_FORMAT = dwarf;
				ENABLE_STRICT_OBJC_MSGSEND = YES;
				ENABLE_TESTABILITY = YES;
				GCC_C_LANGUAGE_STANDARD = gnu11;
				GCC_DYNAMIC_NO_PIC = NO;
				GCC_NO_COMMON_BLOCKS = YES;
				GCC_OPTIMIZATION_LEVEL = 0;
				GCC_PREPROCESSOR_DEFINITIONS = (
					"DEBUG=1",
					"$(inherited)",
				);
				GCC_WARN_64_TO_32_BIT_CONVERSION = YES;
				GCC_WARN_ABOUT_RETURN_TYPE = YES_ERROR;
				GCC_WARN_UNDECLARED_SELECTOR = YES;
				GCC_WARN_UNINITIALIZED_AUTOS = YES_AGGRESSIVE;
				GCC_WARN_UNUSED_FUNCTION = YES;
				GCC_WARN_UNUSED_VARIABLE = YES;
				IPHONEOS_DEPLOYMENT_TARGET = 16.4;
				MTL_ENABLE_DEBUG_INFO = INCLUDE_SOURCE;
				MTL_FAST_MATH = YES;
				ONLY_ACTIVE_ARCH = YES;
				SDKROOT = iphoneos;
				SWIFT_ACTIVE_COMPILATION_CONDITIONS = DEBUG;
				SWIFT_OPTIMIZATION_LEVEL = "-Onone";
			};
			name = Debug;
		};
		3874751C29ED603900CCA151 /* Release */ = {
			isa = XCBuildConfiguration;
			buildSettings = {
				ALWAYS_SEARCH_USER_PATHS = NO;
				CLANG_ANALYZER_NONNULL = YES;
				CLANG_ANALYZER_NUMBER_OBJECT_CONVERSION = YES_AGGRESSIVE;
				CLANG_CXX_LANGUAGE_STANDARD = "gnu++20";
				CLANG_ENABLE_MODULES = YES;
				CLANG_ENABLE_OBJC_ARC = YES;
				CLANG_ENABLE_OBJC_WEAK = YES;
				CLANG_WARN_BLOCK_CAPTURE_AUTORELEASING = YES;
				CLANG_WARN_BOOL_CONVERSION = YES;
				CLANG_WARN_COMMA = YES;
				CLANG_WARN_CONSTANT_CONVERSION = YES;
				CLANG_WARN_DEPRECATED_OBJC_IMPLEMENTATIONS = YES;
				CLANG_WARN_DIRECT_OBJC_ISA_USAGE = YES_ERROR;
				CLANG_WARN_DOCUMENTATION_COMMENTS = YES;
				CLANG_WARN_EMPTY_BODY = YES;
				CLANG_WARN_ENUM_CONVERSION = YES;
				CLANG_WARN_INFINITE_RECURSION = YES;
				CLANG_WARN_INT_CONVERSION = YES;
				CLANG_WARN_NON_LITERAL_NULL_CONVERSION = YES;
				CLANG_WARN_OBJC_IMPLICIT_RETAIN_SELF = YES;
				CLANG_WARN_OBJC_LITERAL_CONVERSION = YES;
				CLANG_WARN_OBJC_ROOT_CLASS = YES_ERROR;
				CLANG_WARN_QUOTED_INCLUDE_IN_FRAMEWORK_HEADER = YES;
				CLANG_WARN_RANGE_LOOP_ANALYSIS = YES;
				CLANG_WARN_STRICT_PROTOTYPES = YES;
				CLANG_WARN_SUSPICIOUS_MOVE = YES;
				CLANG_WARN_UNGUARDED_AVAILABILITY = YES_AGGRESSIVE;
				CLANG_WARN_UNREACHABLE_CODE = YES;
				CLANG_WARN__DUPLICATE_METHOD_MATCH = YES;
				COPY_PHASE_STRIP = NO;
				DEBUG_INFORMATION_FORMAT = "dwarf-with-dsym";
				ENABLE_NS_ASSERTIONS = NO;
				ENABLE_STRICT_OBJC_MSGSEND = YES;
				GCC_C_LANGUAGE_STANDARD = gnu11;
				GCC_NO_COMMON_BLOCKS = YES;
				GCC_WARN_64_TO_32_BIT_CONVERSION = YES;
				GCC_WARN_ABOUT_RETURN_TYPE = YES_ERROR;
				GCC_WARN_UNDECLARED_SELECTOR = YES;
				GCC_WARN_UNINITIALIZED_AUTOS = YES_AGGRESSIVE;
				GCC_WARN_UNUSED_FUNCTION = YES;
				GCC_WARN_UNUSED_VARIABLE = YES;
				IPHONEOS_DEPLOYMENT_TARGET = 16.4;
				MTL_ENABLE_DEBUG_INFO = NO;
				MTL_FAST_MATH = YES;
				SDKROOT = iphoneos;
				SWIFT_COMPILATION_MODE = wholemodule;
				SWIFT_OPTIMIZATION_LEVEL = "-O";
				VALIDATE_PRODUCT = YES;
			};
			name = Release;
		};
		3874751E29ED603900CCA151 /* Debug */ = {
			isa = XCBuildConfiguration;
			buildSettings = {
				ASSETCATALOG_COMPILER_APPICON_NAME = AppIcon;
				ASSETCATALOG_COMPILER_GLOBAL_ACCENT_COLOR_NAME = AccentColor;
				CODE_SIGN_STYLE = Automatic;
				CURRENT_PROJECT_VERSION = 1;
				DEVELOPMENT_ASSET_PATHS = "\"Zen-u/Preview Content\"";
				DEVELOPMENT_TEAM = TBCL3BV72X;
				ENABLE_PREVIEWS = YES;
				GENERATE_INFOPLIST_FILE = YES;
				INFOPLIST_KEY_UIApplicationSceneManifest_Generation = YES;
				INFOPLIST_KEY_UIApplicationSupportsIndirectInputEvents = YES;
				INFOPLIST_KEY_UILaunchScreen_Generation = YES;
				INFOPLIST_KEY_UISupportedInterfaceOrientations_iPad = "UIInterfaceOrientationPortrait UIInterfaceOrientationPortraitUpsideDown UIInterfaceOrientationLandscapeLeft UIInterfaceOrientationLandscapeRight";
				INFOPLIST_KEY_UISupportedInterfaceOrientations_iPhone = "UIInterfaceOrientationPortrait UIInterfaceOrientationLandscapeLeft UIInterfaceOrientationLandscapeRight";
				IPHONEOS_DEPLOYMENT_TARGET = 15.0;
				LD_RUNPATH_SEARCH_PATHS = (
					"$(inherited)",
					"@executable_path/Frameworks",
				);
				MARKETING_VERSION = 1.0;
				PRODUCT_BUNDLE_IDENTIFIER = "com.sitz.Zen-u";
				PRODUCT_NAME = "$(TARGET_NAME)";
				SUPPORTED_PLATFORMS = "iphoneos iphonesimulator";
				SUPPORTS_MACCATALYST = NO;
				SUPPORTS_MAC_DESIGNED_FOR_IPHONE_IPAD = NO;
				SWIFT_EMIT_LOC_STRINGS = YES;
				SWIFT_VERSION = 5.0;
				TARGETED_DEVICE_FAMILY = "1,2";
			};
			name = Debug;
		};
		3874751F29ED603900CCA151 /* Release */ = {
			isa = XCBuildConfiguration;
			buildSettings = {
				ASSETCATALOG_COMPILER_APPICON_NAME = AppIcon;
				ASSETCATALOG_COMPILER_GLOBAL_ACCENT_COLOR_NAME = AccentColor;
				CODE_SIGN_STYLE = Automatic;
				CURRENT_PROJECT_VERSION = 1;
				DEVELOPMENT_ASSET_PATHS = "\"Zen-u/Preview Content\"";
				DEVELOPMENT_TEAM = TBCL3BV72X;
				ENABLE_PREVIEWS = YES;
				GENERATE_INFOPLIST_FILE = YES;
				INFOPLIST_KEY_UIApplicationSceneManifest_Generation = YES;
				INFOPLIST_KEY_UIApplicationSupportsIndirectInputEvents = YES;
				INFOPLIST_KEY_UILaunchScreen_Generation = YES;
				INFOPLIST_KEY_UISupportedInterfaceOrientations_iPad = "UIInterfaceOrientationPortrait UIInterfaceOrientationPortraitUpsideDown UIInterfaceOrientationLandscapeLeft UIInterfaceOrientationLandscapeRight";
				INFOPLIST_KEY_UISupportedInterfaceOrientations_iPhone = "UIInterfaceOrientationPortrait UIInterfaceOrientationLandscapeLeft UIInterfaceOrientationLandscapeRight";
				IPHONEOS_DEPLOYMENT_TARGET = 15.0;
				LD_RUNPATH_SEARCH_PATHS = (
					"$(inherited)",
					"@executable_path/Frameworks",
				);
				MARKETING_VERSION = 1.0;
				PRODUCT_BUNDLE_IDENTIFIER = "com.sitz.Zen-u";
				PRODUCT_NAME = "$(TARGET_NAME)";
				SUPPORTED_PLATFORMS = "iphoneos iphonesimulator";
				SUPPORTS_MACCATALYST = NO;
				SUPPORTS_MAC_DESIGNED_FOR_IPHONE_IPAD = NO;
				SWIFT_EMIT_LOC_STRINGS = YES;
				SWIFT_VERSION = 5.0;
				TARGETED_DEVICE_FAMILY = "1,2";
			};
			name = Release;
		};
/* End XCBuildConfiguration section */

/* Begin XCConfigurationList section */
		3874750A29ED603800CCA151 /* Build configuration list for PBXProject "Zen-u" */ = {
			isa = XCConfigurationList;
			buildConfigurations = (
				3874751B29ED603900CCA151 /* Debug */,
				3874751C29ED603900CCA151 /* Release */,
			);
			defaultConfigurationIsVisible = 0;
			defaultConfigurationName = Release;
		};
		3874751D29ED603900CCA151 /* Build configuration list for PBXNativeTarget "Zen-u" */ = {
			isa = XCConfigurationList;
			buildConfigurations = (
				3874751E29ED603900CCA151 /* Debug */,
				3874751F29ED603900CCA151 /* Release */,
			);
			defaultConfigurationIsVisible = 0;
			defaultConfigurationName = Release;
		};
/* End XCConfigurationList section */
	};
	rootObject = 3874750729ED603800CCA151 /* Project object */;
}
